
Microsoft Visual Studio Solution File, Format Version 12.00
# Visual Studio Version 17
VisualStudioVersion = 17.14.36401.2
MinimumVisualStudioVersion = 10.0.40219.1
Project("{FAE04EC0-301F-11D3-BF4B-00C04F79EFBC}") = "Diff_CP", "Diff_CP.csproj", "{955308B0-3423-41B4-8E8D-3BC756BB594B}"
EndProject
Global
	GlobalSection(SolutionConfigurationPlatforms) = preSolution
		Debug|Any CPU = Debug|Any CPU
		Release|Any CPU = Release|Any CPU
	EndGlobalSection
	GlobalSection(ProjectConfigurationPlatforms) = postSolution
		{955308B0-3423-41B4-8E8D-3BC756BB594B}.Debug|Any CPU.ActiveCfg = Debug|Any CPU
		{955308B0-3423-41B4-8E8D-3BC756BB594B}.Debug|Any CPU.Build.0 = Debug|Any CPU
		{955308B0-3423-41B4-8E8D-3BC756BB594B}.Release|Any CPU.ActiveCfg = Release|Any CPU
		{955308B0-3423-41B4-8E8D-3BC756BB594B}.Release|Any CPU.Build.0 = Release|Any CPU
	EndGlobalSection
	GlobalSection(SolutionProperties) = preSolution
		HideSolutionNode = FALSE
	EndGlobalSection
	GlobalSection(ExtensibilityGlobals) = postSolution
		SolutionGuid = {08531C83-F243-4B5B-A9C1-88CD9406DFAB}
	EndGlobalSection
EndGlobal
